
Microsoft Visual Studio Solution File, Format Version 12.00
# Visual Studio Version 17
VisualStudioVersion = 17.0.32014.148
MinimumVisualStudioVersion = 10.0.40219.1
Project("{FAE04EC0-301F-11D3-BF4B-00C04F79EFBC}") = "FE", "FE\FE.csproj", "{A6DC64EA-8223-46D8-A69D-477E1A083ED0}"
EndProject
Project("{FAE04EC0-301F-11D3-BF4B-00C04F79EFBC}") = "FE.W", "FE.W\FE.W.csproj", "{E9C602AD-6347-474C-A336-A5336A596639}"
EndProject
Global
	GlobalSection(SolutionConfigurationPlatforms) = preSolution
		Debug|Any CPU = Debug|Any CPU
		Release|Any CPU = Release|Any CPU
	EndGlobalSection
	GlobalSection(ProjectConfigurationPlatforms) = postSolution
		{A6DC64EA-8223-46D8-A69D-477E1A083ED0}.Debug|Any CPU.ActiveCfg = Debug|Any CPU
		{A6DC64EA-8223-46D8-A69D-477E1A083ED0}.Debug|Any CPU.Build.0 = Debug|Any CPU
		{A6DC64EA-8223-46D8-A69D-477E1A083ED0}.Release|Any CPU.ActiveCfg = Release|Any CPU
		{A6DC64EA-8223-46D8-A69D-477E1A083ED0}.Release|Any CPU.Build.0 = Release|Any CPU
		{E9C602AD-6347-474C-A336-A5336A596639}.Debug|Any CPU.ActiveCfg = Debug|Any CPU
		{E9C602AD-6347-474C-A336-A5336A596639}.Debug|Any CPU.Build.0 = Debug|Any CPU
		{E9C602AD-6347-474C-A336-A5336A596639}.Release|Any CPU.ActiveCfg = Release|Any CPU
		{E9C602AD-6347-474C-A336-A5336A596639}.Release|Any CPU.Build.0 = Release|Any CPU
	EndGlobalSection
	GlobalSection(SolutionProperties) = preSolution
		HideSolutionNode = FALSE
	EndGlobalSection
	GlobalSection(ExtensibilityGlobals) = postSolution
		SolutionGuid = {412F9C31-5894-441C-A388-3E37BDA1928F}
	EndGlobalSection
EndGlobal
