
Microsoft Visual Studio Solution File, Format Version 12.00
# Visual Studio Version 17
VisualStudioVersion = 17.0.32014.148
MinimumVisualStudioVersion = 10.0.40219.1
Project("{FAE04EC0-301F-11D3-BF4B-00C04F79EFBC}") = "BackEnd", "BackEnd\BackEnd.csproj", "{23548FE4-91D0-4289-9CD2-B812EDBEE9E4}"
EndProject
Global
	GlobalSection(SolutionConfigurationPlatforms) = preSolution
		Debug|Any CPU = Debug|Any CPU
		Release|Any CPU = Release|Any CPU
	EndGlobalSection
	GlobalSection(ProjectConfigurationPlatforms) = postSolution
		{23548FE4-91D0-4289-9CD2-B812EDBEE9E4}.Debug|Any CPU.ActiveCfg = Debug|Any CPU
		{23548FE4-91D0-4289-9CD2-B812EDBEE9E4}.Debug|Any CPU.Build.0 = Debug|Any CPU
		{23548FE4-91D0-4289-9CD2-B812EDBEE9E4}.Release|Any CPU.ActiveCfg = Release|Any CPU
		{23548FE4-91D0-4289-9CD2-B812EDBEE9E4}.Release|Any CPU.Build.0 = Release|Any CPU
	EndGlobalSection
	GlobalSection(SolutionProperties) = preSolution
		HideSolutionNode = FALSE
	EndGlobalSection
	GlobalSection(ExtensibilityGlobals) = postSolution
		SolutionGuid = {A679E385-BA0F-4D35-A07B-29D107F983C9}
	EndGlobalSection
EndGlobal
