
Microsoft Visual Studio Solution File, Format Version 12.00
# Visual Studio Version 17
VisualStudioVersion = 17.0.32014.148
MinimumVisualStudioVersion = 10.0.40219.1
Project("{9A19103F-16F7-4668-BE54-9A1E7A4F7556}") = "FE", "FE\FE.csproj", "{69E3CD8E-8A77-4AB5-AD6C-F1C4AD77B620}"
EndProject
Project("{9A19103F-16F7-4668-BE54-9A1E7A4F7556}") = "FE.Wizzard", "FE.Wizzard\FE.Wizzard.csproj", "{8ABBE01C-E6EF-49A4-ABA4-4B876D03FB9A}"
EndProject
Project("{FAE04EC0-301F-11D3-BF4B-00C04F79EFBC}") = "FE.Identity", "FE.Identity\FE.Identity.csproj", "{21F1BDF8-5442-475E-AD4C-EDCB6921954F}"
EndProject
Global
	GlobalSection(SolutionConfigurationPlatforms) = preSolution
		Debug|Any CPU = Debug|Any CPU
		Release|Any CPU = Release|Any CPU
	EndGlobalSection
	GlobalSection(ProjectConfigurationPlatforms) = postSolution
		{69E3CD8E-8A77-4AB5-AD6C-F1C4AD77B620}.Debug|Any CPU.ActiveCfg = Debug|Any CPU
		{69E3CD8E-8A77-4AB5-AD6C-F1C4AD77B620}.Debug|Any CPU.Build.0 = Debug|Any CPU
		{69E3CD8E-8A77-4AB5-AD6C-F1C4AD77B620}.Release|Any CPU.ActiveCfg = Release|Any CPU
		{69E3CD8E-8A77-4AB5-AD6C-F1C4AD77B620}.Release|Any CPU.Build.0 = Release|Any CPU
		{8ABBE01C-E6EF-49A4-ABA4-4B876D03FB9A}.Debug|Any CPU.ActiveCfg = Debug|Any CPU
		{8ABBE01C-E6EF-49A4-ABA4-4B876D03FB9A}.Debug|Any CPU.Build.0 = Debug|Any CPU
		{8ABBE01C-E6EF-49A4-ABA4-4B876D03FB9A}.Release|Any CPU.ActiveCfg = Release|Any CPU
		{8ABBE01C-E6EF-49A4-ABA4-4B876D03FB9A}.Release|Any CPU.Build.0 = Release|Any CPU
		{21F1BDF8-5442-475E-AD4C-EDCB6921954F}.Debug|Any CPU.ActiveCfg = Debug|Any CPU
		{21F1BDF8-5442-475E-AD4C-EDCB6921954F}.Debug|Any CPU.Build.0 = Debug|Any CPU
		{21F1BDF8-5442-475E-AD4C-EDCB6921954F}.Release|Any CPU.ActiveCfg = Release|Any CPU
		{21F1BDF8-5442-475E-AD4C-EDCB6921954F}.Release|Any CPU.Build.0 = Release|Any CPU
	EndGlobalSection
	GlobalSection(SolutionProperties) = preSolution
		HideSolutionNode = FALSE
	EndGlobalSection
	GlobalSection(ExtensibilityGlobals) = postSolution
		SolutionGuid = {8D8E5DB2-A8E2-410A-A53F-15936C9C07AD}
	EndGlobalSection
EndGlobal
