
Microsoft Visual Studio Solution File, Format Version 12.00
# Visual Studio Version 17
VisualStudioVersion = 17.0.32014.148
MinimumVisualStudioVersion = 10.0.40219.1
Project("{FAE04EC0-301F-11D3-BF4B-00C04F79EFBC}") = "WebApplicationv1", "WebApplicationv1\WebApplicationv1.csproj", "{E40905EE-3769-4452-A9C5-104FB04B5007}"
EndProject
Project("{FAE04EC0-301F-11D3-BF4B-00C04F79EFBC}") = "WebApplicationv2", "WebApplicationv2\WebApplicationv2.csproj", "{27A9894A-957A-4252-A60D-40FAD32F1DA8}"
EndProject
Global
	GlobalSection(SolutionConfigurationPlatforms) = preSolution
		Debug|Any CPU = Debug|Any CPU
		Release|Any CPU = Release|Any CPU
	EndGlobalSection
	GlobalSection(ProjectConfigurationPlatforms) = postSolution
		{E40905EE-3769-4452-A9C5-104FB04B5007}.Debug|Any CPU.ActiveCfg = Debug|Any CPU
		{E40905EE-3769-4452-A9C5-104FB04B5007}.Debug|Any CPU.Build.0 = Debug|Any CPU
		{E40905EE-3769-4452-A9C5-104FB04B5007}.Release|Any CPU.ActiveCfg = Release|Any CPU
		{E40905EE-3769-4452-A9C5-104FB04B5007}.Release|Any CPU.Build.0 = Release|Any CPU
		{27A9894A-957A-4252-A60D-40FAD32F1DA8}.Debug|Any CPU.ActiveCfg = Debug|Any CPU
		{27A9894A-957A-4252-A60D-40FAD32F1DA8}.Debug|Any CPU.Build.0 = Debug|Any CPU
		{27A9894A-957A-4252-A60D-40FAD32F1DA8}.Release|Any CPU.ActiveCfg = Release|Any CPU
		{27A9894A-957A-4252-A60D-40FAD32F1DA8}.Release|Any CPU.Build.0 = Release|Any CPU
	EndGlobalSection
	GlobalSection(SolutionProperties) = preSolution
		HideSolutionNode = FALSE
	EndGlobalSection
	GlobalSection(ExtensibilityGlobals) = postSolution
		SolutionGuid = {8D8E5DB2-A8E2-410A-A53F-15936C9C07AD}
	EndGlobalSection
EndGlobal
