
Microsoft Visual Studio Solution File, Format Version 12.00
# Visual Studio Version 17
VisualStudioVersion = 17.0.32014.148
MinimumVisualStudioVersion = 10.0.40219.1
Project("{9A19103F-16F7-4668-BE54-9A1E7A4F7556}") = "API.Wizzard", "API.Wizzard\API.Wizzard.csproj", "{7D0BDF7B-CDF1-4E14-953F-33ED47AA2C18}"
EndProject
Project("{9A19103F-16F7-4668-BE54-9A1E7A4F7556}") = "API", "API\API.csproj", "{8F50B61B-EEB2-4B2A-8583-1F96B2209422}"
EndProject
Project("{9A19103F-16F7-4668-BE54-9A1E7A4F7556}") = "BS", "BS\BS.csproj", "{17FB5885-4223-43B2-9E54-B32ED3B212C9}"
EndProject
Project("{9A19103F-16F7-4668-BE54-9A1E7A4F7556}") = "DAL", "DAL\DAL.csproj", "{078F1857-2B86-4418-98BD-28F4CA5E2B82}"
EndProject
Project("{9A19103F-16F7-4668-BE54-9A1E7A4F7556}") = "DAL.DO", "DAL.DO\DAL.DO.csproj", "{E02A9EB1-BAE7-4E0D-8733-A3F5545ED9E8}"
EndProject
Project("{9A19103F-16F7-4668-BE54-9A1E7A4F7556}") = "DAL.EF", "DAL.EF\DAL.EF.csproj", "{55A7534E-BE6F-4542-B342-91E60BDE4190}"
EndProject
Project("{9A19103F-16F7-4668-BE54-9A1E7A4F7556}") = "DAL.Repository", "DAL.Repository\DAL.Repository.csproj", "{EEAC0809-F347-4481-B074-7AEBCFBAAEA0}"
EndProject
Project("{FAE04EC0-301F-11D3-BF4B-00C04F79EFBC}") = "API.JWT", "API.JWT\API.JWT.csproj", "{3E154C0A-3A35-4F3A-91D4-80DBFA7B0633}"
EndProject
Global
	GlobalSection(SolutionConfigurationPlatforms) = preSolution
		Debug|Any CPU = Debug|Any CPU
		Release|Any CPU = Release|Any CPU
	EndGlobalSection
	GlobalSection(ProjectConfigurationPlatforms) = postSolution
		{7D0BDF7B-CDF1-4E14-953F-33ED47AA2C18}.Debug|Any CPU.ActiveCfg = Debug|Any CPU
		{7D0BDF7B-CDF1-4E14-953F-33ED47AA2C18}.Debug|Any CPU.Build.0 = Debug|Any CPU
		{7D0BDF7B-CDF1-4E14-953F-33ED47AA2C18}.Release|Any CPU.ActiveCfg = Release|Any CPU
		{7D0BDF7B-CDF1-4E14-953F-33ED47AA2C18}.Release|Any CPU.Build.0 = Release|Any CPU
		{8F50B61B-EEB2-4B2A-8583-1F96B2209422}.Debug|Any CPU.ActiveCfg = Debug|Any CPU
		{8F50B61B-EEB2-4B2A-8583-1F96B2209422}.Debug|Any CPU.Build.0 = Debug|Any CPU
		{8F50B61B-EEB2-4B2A-8583-1F96B2209422}.Release|Any CPU.ActiveCfg = Release|Any CPU
		{8F50B61B-EEB2-4B2A-8583-1F96B2209422}.Release|Any CPU.Build.0 = Release|Any CPU
		{17FB5885-4223-43B2-9E54-B32ED3B212C9}.Debug|Any CPU.ActiveCfg = Debug|Any CPU
		{17FB5885-4223-43B2-9E54-B32ED3B212C9}.Debug|Any CPU.Build.0 = Debug|Any CPU
		{17FB5885-4223-43B2-9E54-B32ED3B212C9}.Release|Any CPU.ActiveCfg = Release|Any CPU
		{17FB5885-4223-43B2-9E54-B32ED3B212C9}.Release|Any CPU.Build.0 = Release|Any CPU
		{078F1857-2B86-4418-98BD-28F4CA5E2B82}.Debug|Any CPU.ActiveCfg = Debug|Any CPU
		{078F1857-2B86-4418-98BD-28F4CA5E2B82}.Debug|Any CPU.Build.0 = Debug|Any CPU
		{078F1857-2B86-4418-98BD-28F4CA5E2B82}.Release|Any CPU.ActiveCfg = Release|Any CPU
		{078F1857-2B86-4418-98BD-28F4CA5E2B82}.Release|Any CPU.Build.0 = Release|Any CPU
		{E02A9EB1-BAE7-4E0D-8733-A3F5545ED9E8}.Debug|Any CPU.ActiveCfg = Debug|Any CPU
		{E02A9EB1-BAE7-4E0D-8733-A3F5545ED9E8}.Debug|Any CPU.Build.0 = Debug|Any CPU
		{E02A9EB1-BAE7-4E0D-8733-A3F5545ED9E8}.Release|Any CPU.ActiveCfg = Release|Any CPU
		{E02A9EB1-BAE7-4E0D-8733-A3F5545ED9E8}.Release|Any CPU.Build.0 = Release|Any CPU
		{55A7534E-BE6F-4542-B342-91E60BDE4190}.Debug|Any CPU.ActiveCfg = Debug|Any CPU
		{55A7534E-BE6F-4542-B342-91E60BDE4190}.Debug|Any CPU.Build.0 = Debug|Any CPU
		{55A7534E-BE6F-4542-B342-91E60BDE4190}.Release|Any CPU.ActiveCfg = Release|Any CPU
		{55A7534E-BE6F-4542-B342-91E60BDE4190}.Release|Any CPU.Build.0 = Release|Any CPU
		{EEAC0809-F347-4481-B074-7AEBCFBAAEA0}.Debug|Any CPU.ActiveCfg = Debug|Any CPU
		{EEAC0809-F347-4481-B074-7AEBCFBAAEA0}.Debug|Any CPU.Build.0 = Debug|Any CPU
		{EEAC0809-F347-4481-B074-7AEBCFBAAEA0}.Release|Any CPU.ActiveCfg = Release|Any CPU
		{EEAC0809-F347-4481-B074-7AEBCFBAAEA0}.Release|Any CPU.Build.0 = Release|Any CPU
		{3E154C0A-3A35-4F3A-91D4-80DBFA7B0633}.Debug|Any CPU.ActiveCfg = Debug|Any CPU
		{3E154C0A-3A35-4F3A-91D4-80DBFA7B0633}.Debug|Any CPU.Build.0 = Debug|Any CPU
		{3E154C0A-3A35-4F3A-91D4-80DBFA7B0633}.Release|Any CPU.ActiveCfg = Release|Any CPU
		{3E154C0A-3A35-4F3A-91D4-80DBFA7B0633}.Release|Any CPU.Build.0 = Release|Any CPU
	EndGlobalSection
	GlobalSection(SolutionProperties) = preSolution
		HideSolutionNode = FALSE
	EndGlobalSection
	GlobalSection(ExtensibilityGlobals) = postSolution
		SolutionGuid = {44043EEF-2EE3-43FD-B693-18BCFA36C97C}
	EndGlobalSection
EndGlobal
